// !$*UTF8*$!
{
	archiveVersion = 1;
	classes = {
	};
	objectVersion = 56;
	objects = {

/* Begin PBXBuildFile section */
		843EB44B2B8E7CE400B52EDB /* NewsApp.swift in Sources */ = {isa = PBXBuildFile; fileRef = 843EB44A2B8E7CE400B52EDB /* NewsApp.swift */; };
		843EB44D2B8E7CE400B52EDB /* ContentView.swift in Sources */ = {isa = PBXBuildFile; fileRef = 843EB44C2B8E7CE400B52EDB /* ContentView.swift */; };
		843EB44F2B8E7CE800B52EDB /* Assets.xcassets in Resources */ = {isa = PBXBuildFile; fileRef = 843EB44E2B8E7CE800B52EDB /* Assets.xcassets */; };
		843EB4532B8E7CE800B52EDB /* Preview Assets.xcassets in Resources */ = {isa = PBXBuildFile; fileRef = 843EB4522B8E7CE800B52EDB /* Preview Assets.xcassets */; };
		845A408C2B984986006C3E23 /* BookmarkTabView.swift in Sources */ = {isa = PBXBuildFile; fileRef = 845A408B2B984986006C3E23 /* BookmarkTabView.swift */; };
		845A408E2B984C45006C3E23 /* ArticleBookmarkViewModel.swift in Sources */ = {isa = PBXBuildFile; fileRef = 845A408D2B984C45006C3E23 /* ArticleBookmarkViewModel.swift */; };
		84C77FA42B8E9F1D00B59B11 /* ArticleListView.swift in Sources */ = {isa = PBXBuildFile; fileRef = 84C77FA32B8E9F1D00B59B11 /* ArticleListView.swift */; };
		84E8DE512B953A3D00141042 /* SafariView.swift in Sources */ = {isa = PBXBuildFile; fileRef = 84E8DE502B953A3D00141042 /* SafariView.swift */; };
		84E8DE542B95431C00141042 /* NewsAPI.swift in Sources */ = {isa = PBXBuildFile; fileRef = 84E8DE532B95431C00141042 /* NewsAPI.swift */; };
		84E8DE562B95441B00141042 /* Category.swift in Sources */ = {isa = PBXBuildFile; fileRef = 84E8DE552B95441B00141042 /* Category.swift */; };
		84E8DE592B954A3700141042 /* ArticleNewsViewModel.swift in Sources */ = {isa = PBXBuildFile; fileRef = 84E8DE582B954A3700141042 /* ArticleNewsViewModel.swift */; };
		84E8DE5B2B95819600141042 /* NewsTabView.swift in Sources */ = {isa = PBXBuildFile; fileRef = 84E8DE5A2B95819600141042 /* NewsTabView.swift */; };
		84E8DE5D2B9586CB00141042 /* EmptyPlaceHolderView.swift in Sources */ = {isa = PBXBuildFile; fileRef = 84E8DE5C2B9586CB00141042 /* EmptyPlaceHolderView.swift */; };
		84E8DE5F2B95873600141042 /* RetryView.swift in Sources */ = {isa = PBXBuildFile; fileRef = 84E8DE5E2B95873600141042 /* RetryView.swift */; };
		84EC28002B8E80CC00B94D3F /* Article.swift in Sources */ = {isa = PBXBuildFile; fileRef = 84EC27FF2B8E80CB00B94D3F /* Article.swift */; };
		84EC28032B8E869500B94D3F /* news.json in Resources */ = {isa = PBXBuildFile; fileRef = 84EC28022B8E869500B94D3F /* news.json */; };
		84EC28052B8E878400B94D3F /* NewsAPIResponse.swift in Sources */ = {isa = PBXBuildFile; fileRef = 84EC28042B8E878400B94D3F /* NewsAPIResponse.swift */; };
		84EC28082B8E93D900B94D3F /* ArticleRowView.swift in Sources */ = {isa = PBXBuildFile; fileRef = 84EC28072B8E93D900B94D3F /* ArticleRowView.swift */; };
/* End PBXBuildFile section */

/* Begin PBXFileReference section */
		843EB4472B8E7CE400B52EDB /* News.app */ = {isa = PBXFileReference; explicitFileType = wrapper.application; includeInIndex = 0; path = News.app; sourceTree = BUILT_PRODUCTS_DIR; };
		843EB44A2B8E7CE400B52EDB /* NewsApp.swift */ = {isa = PBXFileReference; lastKnownFileType = sourcecode.swift; path = NewsApp.swift; sourceTree = "<group>"; };
		843EB44C2B8E7CE400B52EDB /* ContentView.swift */ = {isa = PBXFileReference; lastKnownFileType = sourcecode.swift; path = ContentView.swift; sourceTree = "<group>"; };
		843EB44E2B8E7CE800B52EDB /* Assets.xcassets */ = {isa = PBXFileReference; lastKnownFileType = folder.assetcatalog; path = Assets.xcassets; sourceTree = "<group>"; };
		843EB4502B8E7CE800B52EDB /* News.entitlements */ = {isa = PBXFileReference; lastKnownFileType = text.plist.entitlements; path = News.entitlements; sourceTree = "<group>"; };
		843EB4522B8E7CE800B52EDB /* Preview Assets.xcassets */ = {isa = PBXFileReference; lastKnownFileType = folder.assetcatalog; path = "Preview Assets.xcassets"; sourceTree = "<group>"; };
		845A408B2B984986006C3E23 /* BookmarkTabView.swift */ = {isa = PBXFileReference; lastKnownFileType = sourcecode.swift; path = BookmarkTabView.swift; sourceTree = "<group>"; };
		845A408D2B984C45006C3E23 /* ArticleBookmarkViewModel.swift */ = {isa = PBXFileReference; lastKnownFileType = sourcecode.swift; path = ArticleBookmarkViewModel.swift; sourceTree = "<group>"; };
		84C77FA32B8E9F1D00B59B11 /* ArticleListView.swift */ = {isa = PBXFileReference; lastKnownFileType = sourcecode.swift; path = ArticleListView.swift; sourceTree = "<group>"; };
		84E8DE502B953A3D00141042 /* SafariView.swift */ = {isa = PBXFileReference; lastKnownFileType = sourcecode.swift; path = SafariView.swift; sourceTree = "<group>"; };
		84E8DE532B95431C00141042 /* NewsAPI.swift */ = {isa = PBXFileReference; lastKnownFileType = sourcecode.swift; path = NewsAPI.swift; sourceTree = "<group>"; };
		84E8DE552B95441B00141042 /* Category.swift */ = {isa = PBXFileReference; lastKnownFileType = sourcecode.swift; path = Category.swift; sourceTree = "<group>"; };
		84E8DE582B954A3700141042 /* ArticleNewsViewModel.swift */ = {isa = PBXFileReference; lastKnownFileType = sourcecode.swift; path = ArticleNewsViewModel.swift; sourceTree = "<group>"; };
		84E8DE5A2B95819600141042 /* NewsTabView.swift */ = {isa = PBXFileReference; lastKnownFileType = sourcecode.swift; path = NewsTabView.swift; sourceTree = "<group>"; };
		84E8DE5C2B9586CB00141042 /* EmptyPlaceHolderView.swift */ = {isa = PBXFileReference; lastKnownFileType = sourcecode.swift; path = EmptyPlaceHolderView.swift; sourceTree = "<group>"; };
		84E8DE5E2B95873600141042 /* RetryView.swift */ = {isa = PBXFileReference; lastKnownFileType = sourcecode.swift; path = RetryView.swift; sourceTree = "<group>"; };
		84EC27FF2B8E80CB00B94D3F /* Article.swift */ = {isa = PBXFileReference; lastKnownFileType = sourcecode.swift; path = Article.swift; sourceTree = "<group>"; };
		84EC28022B8E869500B94D3F /* news.json */ = {isa = PBXFileReference; lastKnownFileType = text.json; path = news.json; sourceTree = "<group>"; };
		84EC28042B8E878400B94D3F /* NewsAPIResponse.swift */ = {isa = PBXFileReference; lastKnownFileType = sourcecode.swift; path = NewsAPIResponse.swift; sourceTree = "<group>"; };
		84EC28072B8E93D900B94D3F /* ArticleRowView.swift */ = {isa = PBXFileReference; lastKnownFileType = sourcecode.swift; path = ArticleRowView.swift; sourceTree = "<group>"; };
		84EC28092B8E979100B94D3F /* Info.plist */ = {isa = PBXFileReference; lastKnownFileType = text.plist; path = Info.plist; sourceTree = "<group>"; };
/* End PBXFileReference section */

/* Begin PBXFrameworksBuildPhase section */
		843EB4442B8E7CE400B52EDB /* Frameworks */ = {
			isa = PBXFrameworksBuildPhase;
			buildActionMask = 2147483647;
			files = (
			);
			runOnlyForDeploymentPostprocessing = 0;
		};
/* End PBXFrameworksBuildPhase section */

/* Begin PBXGroup section */
		843EB43E2B8E7CE400B52EDB = {
			isa = PBXGroup;
			children = (
				843EB4492B8E7CE400B52EDB /* News */,
				843EB4482B8E7CE400B52EDB /* Products */,
			);
			sourceTree = "<group>";
		};
		843EB4482B8E7CE400B52EDB /* Products */ = {
			isa = PBXGroup;
			children = (
				843EB4472B8E7CE400B52EDB /* News.app */,
			);
			name = Products;
			sourceTree = "<group>";
		};
		843EB4492B8E7CE400B52EDB /* News */ = {
			isa = PBXGroup;
			children = (
				84EC28092B8E979100B94D3F /* Info.plist */,
				843EB44A2B8E7CE400B52EDB /* NewsApp.swift */,
				843EB4592B8E7DA400B52EDB /* Models */,
				84EC28062B8E93B300B94D3F /* Views */,
				84E8DE572B954A1700141042 /* ViewModel */,
				84E8DE522B95430500141042 /* API */,
				84EC28022B8E869500B94D3F /* news.json */,
				843EB44E2B8E7CE800B52EDB /* Assets.xcassets */,
				843EB4502B8E7CE800B52EDB /* News.entitlements */,
				843EB4512B8E7CE800B52EDB /* Preview Content */,
			);
			path = News;
			sourceTree = "<group>";
		};
		843EB4512B8E7CE800B52EDB /* Preview Content */ = {
			isa = PBXGroup;
			children = (
				843EB4522B8E7CE800B52EDB /* Preview Assets.xcassets */,
			);
			path = "Preview Content";
			sourceTree = "<group>";
		};
		843EB4592B8E7DA400B52EDB /* Models */ = {
			isa = PBXGroup;
			children = (
				84EC27FF2B8E80CB00B94D3F /* Article.swift */,
				84EC28042B8E878400B94D3F /* NewsAPIResponse.swift */,
				84E8DE552B95441B00141042 /* Category.swift */,
			);
			name = Models;
			sourceTree = "<group>";
		};
		84E8DE522B95430500141042 /* API */ = {
			isa = PBXGroup;
			children = (
				84E8DE532B95431C00141042 /* NewsAPI.swift */,
			);
			path = API;
			sourceTree = "<group>";
		};
		84E8DE572B954A1700141042 /* ViewModel */ = {
			isa = PBXGroup;
			children = (
				84E8DE582B954A3700141042 /* ArticleNewsViewModel.swift */,
				845A408D2B984C45006C3E23 /* ArticleBookmarkViewModel.swift */,
			);
			path = ViewModel;
			sourceTree = "<group>";
		};
		84EC28062B8E93B300B94D3F /* Views */ = {
			isa = PBXGroup;
			children = (
				843EB44C2B8E7CE400B52EDB /* ContentView.swift */,
				84EC28072B8E93D900B94D3F /* ArticleRowView.swift */,
				84C77FA32B8E9F1D00B59B11 /* ArticleListView.swift */,
				84E8DE502B953A3D00141042 /* SafariView.swift */,
				84E8DE5A2B95819600141042 /* NewsTabView.swift */,
				845A408B2B984986006C3E23 /* BookmarkTabView.swift */,
				84E8DE5C2B9586CB00141042 /* EmptyPlaceHolderView.swift */,
				84E8DE5E2B95873600141042 /* RetryView.swift */,
			);
			path = Views;
			sourceTree = "<group>";
		};
/* End PBXGroup section */

/* Begin PBXNativeTarget section */
		843EB4462B8E7CE400B52EDB /* News */ = {
			isa = PBXNativeTarget;
			buildConfigurationList = 843EB4562B8E7CE800B52EDB /* Build configuration list for PBXNativeTarget "News" */;
			buildPhases = (
				843EB4432B8E7CE400B52EDB /* Sources */,
				843EB4442B8E7CE400B52EDB /* Frameworks */,
				843EB4452B8E7CE400B52EDB /* Resources */,
			);
			buildRules = (
			);
			dependencies = (
			);
			name = News;
			productName = News;
			productReference = 843EB4472B8E7CE400B52EDB /* News.app */;
			productType = "com.apple.product-type.application";
		};
/* End PBXNativeTarget section */

/* Begin PBXProject section */
		843EB43F2B8E7CE400B52EDB /* Project object */ = {
			isa = PBXProject;
			attributes = {
				BuildIndependentTargetsInParallel = 1;
				LastSwiftUpdateCheck = 1520;
				LastUpgradeCheck = 1520;
				TargetAttributes = {
					843EB4462B8E7CE400B52EDB = {
						CreatedOnToolsVersion = 15.2;
					};
				};
			};
			buildConfigurationList = 843EB4422B8E7CE400B52EDB /* Build configuration list for PBXProject "News" */;
			compatibilityVersion = "Xcode 14.0";
			developmentRegion = en;
			hasScannedForEncodings = 0;
			knownRegions = (
				en,
				Base,
			);
			mainGroup = 843EB43E2B8E7CE400B52EDB;
			productRefGroup = 843EB4482B8E7CE400B52EDB /* Products */;
			projectDirPath = "";
			projectRoot = "";
			targets = (
				843EB4462B8E7CE400B52EDB /* News */,
			);
		};
/* End PBXProject section */

/* Begin PBXResourcesBuildPhase section */
		843EB4452B8E7CE400B52EDB /* Resources */ = {
			isa = PBXResourcesBuildPhase;
			buildActionMask = 2147483647;
			files = (
				843EB4532B8E7CE800B52EDB /* Preview Assets.xcassets in Resources */,
				843EB44F2B8E7CE800B52EDB /* Assets.xcassets in Resources */,
				84EC28032B8E869500B94D3F /* news.json in Resources */,
			);
			runOnlyForDeploymentPostprocessing = 0;
		};
/* End PBXResourcesBuildPhase section */

/* Begin PBXSourcesBuildPhase section */
		843EB4432B8E7CE400B52EDB /* Sources */ = {
			isa = PBXSourcesBuildPhase;
			buildActionMask = 2147483647;
			files = (
				843EB44D2B8E7CE400B52EDB /* ContentView.swift in Sources */,
				84C77FA42B8E9F1D00B59B11 /* ArticleListView.swift in Sources */,
				84E8DE5D2B9586CB00141042 /* EmptyPlaceHolderView.swift in Sources */,
				84EC28082B8E93D900B94D3F /* ArticleRowView.swift in Sources */,
				84E8DE5F2B95873600141042 /* RetryView.swift in Sources */,
				843EB44B2B8E7CE400B52EDB /* NewsApp.swift in Sources */,
				845A408C2B984986006C3E23 /* BookmarkTabView.swift in Sources */,
				84EC28052B8E878400B94D3F /* NewsAPIResponse.swift in Sources */,
				845A408E2B984C45006C3E23 /* ArticleBookmarkViewModel.swift in Sources */,
				84E8DE562B95441B00141042 /* Category.swift in Sources */,
				84E8DE592B954A3700141042 /* ArticleNewsViewModel.swift in Sources */,
				84E8DE5B2B95819600141042 /* NewsTabView.swift in Sources */,
				84EC28002B8E80CC00B94D3F /* Article.swift in Sources */,
				84E8DE512B953A3D00141042 /* SafariView.swift in Sources */,
				84E8DE542B95431C00141042 /* NewsAPI.swift in Sources */,
			);
			runOnlyForDeploymentPostprocessing = 0;
		};
/* End PBXSourcesBuildPhase section */

/* Begin XCBuildConfiguration section */
		843EB4542B8E7CE800B52EDB /* Debug */ = {
			isa = XCBuildConfiguration;
			buildSettings = {
				ALWAYS_SEARCH_USER_PATHS = NO;
				ASSETCATALOG_COMPILER_GENERATE_SWIFT_ASSET_SYMBOL_EXTENSIONS = YES;
				CLANG_ANALYZER_NONNULL = YES;
				CLANG_ANALYZER_NUMBER_OBJECT_CONVERSION = YES_AGGRESSIVE;
				CLANG_CXX_LANGUAGE_STANDARD = "gnu++20";
				CLANG_ENABLE_MODULES = YES;
				CLANG_ENABLE_OBJC_ARC = YES;
				CLANG_ENABLE_OBJC_WEAK = YES;
				CLANG_WARN_BLOCK_CAPTURE_AUTORELEASING = YES;
				CLANG_WARN_BOOL_CONVERSION = YES;
				CLANG_WARN_COMMA = YES;
				CLANG_WARN_CONSTANT_CONVERSION = YES;
				CLANG_WARN_DEPRECATED_OBJC_IMPLEMENTATIONS = YES;
				CLANG_WARN_DIRECT_OBJC_ISA_USAGE = YES_ERROR;
				CLANG_WARN_DOCUMENTATION_COMMENTS = YES;
				CLANG_WARN_EMPTY_BODY = YES;
				CLANG_WARN_ENUM_CONVERSION = YES;
				CLANG_WARN_INFINITE_RECURSION = YES;
				CLANG_WARN_INT_CONVERSION = YES;
				CLANG_WARN_NON_LITERAL_NULL_CONVERSION = YES;
				CLANG_WARN_OBJC_IMPLICIT_RETAIN_SELF = YES;
				CLANG_WARN_OBJC_LITERAL_CONVERSION = YES;
				CLANG_WARN_OBJC_ROOT_CLASS = YES_ERROR;
				CLANG_WARN_QUOTED_INCLUDE_IN_FRAMEWORK_HEADER = YES;
				CLANG_WARN_RANGE_LOOP_ANALYSIS = YES;
				CLANG_WARN_STRICT_PROTOTYPES = YES;
				CLANG_WARN_SUSPICIOUS_MOVE = YES;
				CLANG_WARN_UNGUARDED_AVAILABILITY = YES_AGGRESSIVE;
				CLANG_WARN_UNREACHABLE_CODE = YES;
				CLANG_WARN__DUPLICATE_METHOD_MATCH = YES;
				COPY_PHASE_STRIP = NO;
				DEBUG_INFORMATION_FORMAT = dwarf;
				ENABLE_STRICT_OBJC_MSGSEND = YES;
				ENABLE_TESTABILITY = YES;
				ENABLE_USER_SCRIPT_SANDBOXING = YES;
				GCC_C_LANGUAGE_STANDARD = gnu17;
				GCC_DYNAMIC_NO_PIC = NO;
				GCC_NO_COMMON_BLOCKS = YES;
				GCC_OPTIMIZATION_LEVEL = 0;
				GCC_PREPROCESSOR_DEFINITIONS = (
					"DEBUG=1",
					"$(inherited)",
				);
				GCC_WARN_64_TO_32_BIT_CONVERSION = YES;
				GCC_WARN_ABOUT_RETURN_TYPE = YES_ERROR;
				GCC_WARN_UNDECLARED_SELECTOR = YES;
				GCC_WARN_UNINITIALIZED_AUTOS = YES_AGGRESSIVE;
				GCC_WARN_UNUSED_FUNCTION = YES;
				GCC_WARN_UNUSED_VARIABLE = YES;
				LOCALIZATION_PREFERS_STRING_CATALOGS = YES;
				MTL_ENABLE_DEBUG_INFO = INCLUDE_SOURCE;
				MTL_FAST_MATH = YES;
				ONLY_ACTIVE_ARCH = YES;
				SWIFT_ACTIVE_COMPILATION_CONDITIONS = "DEBUG $(inherited)";
				SWIFT_OPTIMIZATION_LEVEL = "-Onone";
			};
			name = Debug;
		};
		843EB4552B8E7CE800B52EDB /* Release */ = {
			isa = XCBuildConfiguration;
			buildSettings = {
				ALWAYS_SEARCH_USER_PATHS = NO;
				ASSETCATALOG_COMPILER_GENERATE_SWIFT_ASSET_SYMBOL_EXTENSIONS = YES;
				CLANG_ANALYZER_NONNULL = YES;
				CLANG_ANALYZER_NUMBER_OBJECT_CONVERSION = YES_AGGRESSIVE;
				CLANG_CXX_LANGUAGE_STANDARD = "gnu++20";
				CLANG_ENABLE_MODULES = YES;
				CLANG_ENABLE_OBJC_ARC = YES;
				CLANG_ENABLE_OBJC_WEAK = YES;
				CLANG_WARN_BLOCK_CAPTURE_AUTORELEASING = YES;
				CLANG_WARN_BOOL_CONVERSION = YES;
				CLANG_WARN_COMMA = YES;
				CLANG_WARN_CONSTANT_CONVERSION = YES;
				CLANG_WARN_DEPRECATED_OBJC_IMPLEMENTATIONS = YES;
				CLANG_WARN_DIRECT_OBJC_ISA_USAGE = YES_ERROR;
				CLANG_WARN_DOCUMENTATION_COMMENTS = YES;
				CLANG_WARN_EMPTY_BODY = YES;
				CLANG_WARN_ENUM_CONVERSION = YES;
				CLANG_WARN_INFINITE_RECURSION = YES;
				CLANG_WARN_INT_CONVERSION = YES;
				CLANG_WARN_NON_LITERAL_NULL_CONVERSION = YES;
				CLANG_WARN_OBJC_IMPLICIT_RETAIN_SELF = YES;
				CLANG_WARN_OBJC_LITERAL_CONVERSION = YES;
				CLANG_WARN_OBJC_ROOT_CLASS = YES_ERROR;
				CLANG_WARN_QUOTED_INCLUDE_IN_FRAMEWORK_HEADER = YES;
				CLANG_WARN_RANGE_LOOP_ANALYSIS = YES;
				CLANG_WARN_STRICT_PROTOTYPES = YES;
				CLANG_WARN_SUSPICIOUS_MOVE = YES;
				CLANG_WARN_UNGUARDED_AVAILABILITY = YES_AGGRESSIVE;
				CLANG_WARN_UNREACHABLE_CODE = YES;
				CLANG_WARN__DUPLICATE_METHOD_MATCH = YES;
				COPY_PHASE_STRIP = NO;
				DEBUG_INFORMATION_FORMAT = "dwarf-with-dsym";
				ENABLE_NS_ASSERTIONS = NO;
				ENABLE_STRICT_OBJC_MSGSEND = YES;
				ENABLE_USER_SCRIPT_SANDBOXING = YES;
				GCC_C_LANGUAGE_STANDARD = gnu17;
				GCC_NO_COMMON_BLOCKS = YES;
				GCC_WARN_64_TO_32_BIT_CONVERSION = YES;
				GCC_WARN_ABOUT_RETURN_TYPE = YES_ERROR;
				GCC_WARN_UNDECLARED_SELECTOR = YES;
				GCC_WARN_UNINITIALIZED_AUTOS = YES_AGGRESSIVE;
				GCC_WARN_UNUSED_FUNCTION = YES;
				GCC_WARN_UNUSED_VARIABLE = YES;
				LOCALIZATION_PREFERS_STRING_CATALOGS = YES;
				MTL_ENABLE_DEBUG_INFO = NO;
				MTL_FAST_MATH = YES;
				SWIFT_COMPILATION_MODE = wholemodule;
			};
			name = Release;
		};
		843EB4572B8E7CE800B52EDB /* Debug */ = {
			isa = XCBuildConfiguration;
			buildSettings = {
				ASSETCATALOG_COMPILER_APPICON_NAME = AppIcon;
				ASSETCATALOG_COMPILER_GLOBAL_ACCENT_COLOR_NAME = AccentColor;
				CODE_SIGN_ENTITLEMENTS = News/News.entitlements;
				CODE_SIGN_STYLE = Automatic;
				CURRENT_PROJECT_VERSION = 1;
				DEVELOPMENT_ASSET_PATHS = "\"News/Preview Content\"";
				DEVELOPMENT_TEAM = G3CQ4T9TU2;
				ENABLE_HARDENED_RUNTIME = YES;
				ENABLE_PREVIEWS = YES;
				GENERATE_INFOPLIST_FILE = YES;
				INFOPLIST_FILE = News/Info.plist;
				"INFOPLIST_KEY_UIApplicationSceneManifest_Generation[sdk=iphoneos*]" = YES;
				"INFOPLIST_KEY_UIApplicationSceneManifest_Generation[sdk=iphonesimulator*]" = YES;
				"INFOPLIST_KEY_UIApplicationSupportsIndirectInputEvents[sdk=iphoneos*]" = YES;
				"INFOPLIST_KEY_UIApplicationSupportsIndirectInputEvents[sdk=iphonesimulator*]" = YES;
				"INFOPLIST_KEY_UILaunchScreen_Generation[sdk=iphoneos*]" = YES;
				"INFOPLIST_KEY_UILaunchScreen_Generation[sdk=iphonesimulator*]" = YES;
				"INFOPLIST_KEY_UIStatusBarStyle[sdk=iphoneos*]" = UIStatusBarStyleDefault;
				"INFOPLIST_KEY_UIStatusBarStyle[sdk=iphonesimulator*]" = UIStatusBarStyleDefault;
				INFOPLIST_KEY_UISupportedInterfaceOrientations_iPad = "UIInterfaceOrientationPortrait UIInterfaceOrientationPortraitUpsideDown UIInterfaceOrientationLandscapeLeft UIInterfaceOrientationLandscapeRight";
				INFOPLIST_KEY_UISupportedInterfaceOrientations_iPhone = "UIInterfaceOrientationPortrait UIInterfaceOrientationLandscapeLeft UIInterfaceOrientationLandscapeRight";
				IPHONEOS_DEPLOYMENT_TARGET = 17.2;
				LD_RUNPATH_SEARCH_PATHS = "@executable_path/Frameworks";
				"LD_RUNPATH_SEARCH_PATHS[sdk=macosx*]" = "@executable_path/../Frameworks";
				MACOSX_DEPLOYMENT_TARGET = 14.2;
				MARKETING_VERSION = 1.0;
				PRODUCT_BUNDLE_IDENTIFIER = com.alperensarisan.News;
				PRODUCT_NAME = "$(TARGET_NAME)";
				SDKROOT = auto;
				SUPPORTED_PLATFORMS = "iphoneos iphonesimulator macosx";
				SWIFT_EMIT_LOC_STRINGS = YES;
				SWIFT_VERSION = 5.0;
				TARGETED_DEVICE_FAMILY = "1,2";
			};
			name = Debug;
		};
		843EB4582B8E7CE800B52EDB /* Release */ = {
			isa = XCBuildConfiguration;
			buildSettings = {
				ASSETCATALOG_COMPILER_APPICON_NAME = AppIcon;
				ASSETCATALOG_COMPILER_GLOBAL_ACCENT_COLOR_NAME = AccentColor;
				CODE_SIGN_ENTITLEMENTS = News/News.entitlements;
				CODE_SIGN_STYLE = Automatic;
				CURRENT_PROJECT_VERSION = 1;
				DEVELOPMENT_ASSET_PATHS = "\"News/Preview Content\"";
				DEVELOPMENT_TEAM = G3CQ4T9TU2;
				ENABLE_HARDENED_RUNTIME = YES;
				ENABLE_PREVIEWS = YES;
				GENERATE_INFOPLIST_FILE = YES;
				INFOPLIST_FILE = News/Info.plist;
				"INFOPLIST_KEY_UIApplicationSceneManifest_Generation[sdk=iphoneos*]" = YES;
				"INFOPLIST_KEY_UIApplicationSceneManifest_Generation[sdk=iphonesimulator*]" = YES;
				"INFOPLIST_KEY_UIApplicationSupportsIndirectInputEvents[sdk=iphoneos*]" = YES;
				"INFOPLIST_KEY_UIApplicationSupportsIndirectInputEvents[sdk=iphonesimulator*]" = YES;
				"INFOPLIST_KEY_UILaunchScreen_Generation[sdk=iphoneos*]" = YES;
				"INFOPLIST_KEY_UILaunchScreen_Generation[sdk=iphonesimulator*]" = YES;
				"INFOPLIST_KEY_UIStatusBarStyle[sdk=iphoneos*]" = UIStatusBarStyleDefault;
				"INFOPLIST_KEY_UIStatusBarStyle[sdk=iphonesimulator*]" = UIStatusBarStyleDefault;
				INFOPLIST_KEY_UISupportedInterfaceOrientations_iPad = "UIInterfaceOrientationPortrait UIInterfaceOrientationPortraitUpsideDown UIInterfaceOrientationLandscapeLeft UIInterfaceOrientationLandscapeRight";
				INFOPLIST_KEY_UISupportedInterfaceOrientations_iPhone = "UIInterfaceOrientationPortrait UIInterfaceOrientationLandscapeLeft UIInterfaceOrientationLandscapeRight";
				IPHONEOS_DEPLOYMENT_TARGET = 17.2;
				LD_RUNPATH_SEARCH_PATHS = "@executable_path/Frameworks";
				"LD_RUNPATH_SEARCH_PATHS[sdk=macosx*]" = "@executable_path/../Frameworks";
				MACOSX_DEPLOYMENT_TARGET = 14.2;
				MARKETING_VERSION = 1.0;
				PRODUCT_BUNDLE_IDENTIFIER = com.alperensarisan.News;
				PRODUCT_NAME = "$(TARGET_NAME)";
				SDKROOT = auto;
				SUPPORTED_PLATFORMS = "iphoneos iphonesimulator macosx";
				SWIFT_EMIT_LOC_STRINGS = YES;
				SWIFT_VERSION = 5.0;
				TARGETED_DEVICE_FAMILY = "1,2";
			};
			name = Release;
		};
/* End XCBuildConfiguration section */

/* Begin XCConfigurationList section */
		843EB4422B8E7CE400B52EDB /* Build configuration list for PBXProject "News" */ = {
			isa = XCConfigurationList;
			buildConfigurations = (
				843EB4542B8E7CE800B52EDB /* Debug */,
				843EB4552B8E7CE800B52EDB /* Release */,
			);
			defaultConfigurationIsVisible = 0;
			defaultConfigurationName = Release;
		};
		843EB4562B8E7CE800B52EDB /* Build configuration list for PBXNativeTarget "News" */ = {
			isa = XCConfigurationList;
			buildConfigurations = (
				843EB4572B8E7CE800B52EDB /* Debug */,
				843EB4582B8E7CE800B52EDB /* Release */,
			);
			defaultConfigurationIsVisible = 0;
			defaultConfigurationName = Release;
		};
/* End XCConfigurationList section */
	};
	rootObject = 843EB43F2B8E7CE400B52EDB /* Project object */;
}
